
Microsoft Visual Studio Solution File, Format Version 12.00
# Visual Studio Version 17
VisualStudioVersion = 17.8.34330.188
MinimumVisualStudioVersion = 10.0.40219.1
Project("{FAE04EC0-301F-11D3-BF4B-00C04F79EFBC}") = "Snake", "Snake\Snake.csproj", "{D709EEC8-0E22-47EB-9148-26F6905B1530}"
EndProject
Global
	GlobalSection(SolutionConfigurationPlatforms) = preSolution
		Debug|Any CPU = Debug|Any CPU
		Release|Any CPU = Release|Any CPU
	EndGlobalSection
	GlobalSection(ProjectConfigurationPlatforms) = postSolution
		{D709EEC8-0E22-47EB-9148-26F6905B1530}.Debug|Any CPU.ActiveCfg = Debug|Any CPU
		{D709EEC8-0E22-47EB-9148-26F6905B1530}.Debug|Any CPU.Build.0 = Debug|Any CPU
		{D709EEC8-0E22-47EB-9148-26F6905B1530}.Release|Any CPU.ActiveCfg = Release|Any CPU
		{D709EEC8-0E22-47EB-9148-26F6905B1530}.Release|Any CPU.Build.0 = Release|Any CPU
	EndGlobalSection
	GlobalSection(SolutionProperties) = preSolution
		HideSolutionNode = FALSE
	EndGlobalSection
	GlobalSection(ExtensibilityGlobals) = postSolution
		SolutionGuid = {7EA40147-CDF4-4298-9A81-D3E766EAEA7C}
	EndGlobalSection
EndGlobal
