
Microsoft Visual Studio Solution File, Format Version 12.00
# Visual Studio Version 17
VisualStudioVersion = 17.9.34622.214
MinimumVisualStudioVersion = 10.0.40219.1
Project("{9A19103F-16F7-4668-BE54-9A1E7A4F7556}") = "Snake", "Src\Snake.csproj", "{7124D3E9-95B8-4C69-9183-55AC321CB248}"
EndProject
Global
	GlobalSection(SolutionConfigurationPlatforms) = preSolution
		Debug|Any CPU = Debug|Any CPU
		Release|Any CPU = Release|Any CPU
	EndGlobalSection
	GlobalSection(ProjectConfigurationPlatforms) = postSolution
		{7124D3E9-95B8-4C69-9183-55AC321CB248}.Debug|Any CPU.ActiveCfg = Debug|Any CPU
		{7124D3E9-95B8-4C69-9183-55AC321CB248}.Debug|Any CPU.Build.0 = Debug|Any CPU
		{7124D3E9-95B8-4C69-9183-55AC321CB248}.Release|Any CPU.ActiveCfg = Release|Any CPU
		{7124D3E9-95B8-4C69-9183-55AC321CB248}.Release|Any CPU.Build.0 = Release|Any CPU
	EndGlobalSection
	GlobalSection(SolutionProperties) = preSolution
		HideSolutionNode = FALSE
	EndGlobalSection
	GlobalSection(ExtensibilityGlobals) = postSolution
		SolutionGuid = {41201F56-4875-41AD-8C39-A7A152B67759}
	EndGlobalSection
EndGlobal
